{
  "meteor": {},
  "dependencies": {
    "basePackages": {
      "npm": {},
      "bootstrap-3": {},
      "sugarjs": {},
      "font-awesome": {},
      "reactive-table": {},
      "handlebar-helpers": {},
      "momentjs": {
        "git": "https://github.com/nate-strauser/meteor-momentjs.git",
        "branch": "master"
      }
    },
    "packages": {
      "npm": {
        "git": "https://github.com/arunoda/meteor-npm.git",
        "tag": "v0.2.6",
        "commit": "177ab6118de5bf8cffb19481343d5762ff7a2aaf"
      },
      "bootstrap-3": {
        "git": "https://github.com/mangasocial/meteor-bootstrap-3.git",
        "tag": "v3.1.0-1",
        "commit": "329dccb08bfc18c635676dea600ac9953162cda9"
      },
      "sugarjs": {
        "git": "https://github.com/crapthings/meteor-sugarjs.git",
        "tag": "v1.4.0.1",
        "commit": "2841738b2c28d2d97c6cf3c41c4558f59f93db0e"
      },
      "font-awesome": {
        "git": "https://github.com/nate-strauser/meteor-font-awesome.git",
        "tag": "v4.0.3",
        "commit": "61e9361384347547ae144f8228faa4deffda23db"
      },
      "reactive-table": {
        "git": "https://github.com/ecohealthalliance/reactive-table.git",
        "tag": "v0.1.0",
        "commit": "c75c7b6e3d73a09ccf0940dd2e06956f846ecdbe"
      },
      "handlebar-helpers": {
        "git": "https://github.com/raix/Meteor-handlebar-helpers.git",
        "tag": "v0.0.9",
        "commit": "71e94c99462b8801a34c5363510758b6ff5f5ac7"
      },
      "momentjs": {
        "git": "https://github.com/nate-strauser/meteor-momentjs.git",
        "branch": "master",
        "commit": "59eed341190cc953e1d03daa7cac162447ebcdee"
      }
    }
  }
}
